{
  "name": "residoo",
  "version": "0.3.2",
  "lockfileVersion": 3,
  "requires": true,
  "packages": {
    "": {
      "name": "residoo",
      "version": "0.3.2",
      "license": "MIT",
      "bin": {
        "residoo": "bin/residoo.js"
      },
      "engines": {
        "node": ">=18"
      }
    }
  }
}
